
Microsoft Visual Studio Solution File, Format Version 12.00
# Visual Studio 14
VisualStudioVersion = 14.0.23107.0
MinimumVisualStudioVersion = 10.0.40219.1
Project("{FAE04EC0-301F-11D3-BF4B-00C04F79EFBC}") = "CRUDAjaxTable", "CRUDAjaxTable\CRUDAjaxTable.csproj", "{67EC55C7-F5EF-4722-B0E6-B384E1E5702F}"
EndProject
Project("{FAE04EC0-301F-11D3-BF4B-00C04F79EFBC}") = "CRUDAjaxTable.Tests", "CRUDAjaxTable.Tests\CRUDAjaxTable.Tests.csproj", "{E7C532A8-D12C-46F8-AD6C-DDF5A21D82B8}"
EndProject
Global
	GlobalSection(SolutionConfigurationPlatforms) = preSolution
		Debug|Any CPU = Debug|Any CPU
		Release|Any CPU = Release|Any CPU
	EndGlobalSection
	GlobalSection(ProjectConfigurationPlatforms) = postSolution
		{67EC55C7-F5EF-4722-B0E6-B384E1E5702F}.Debug|Any CPU.ActiveCfg = Debug|Any CPU
		{67EC55C7-F5EF-4722-B0E6-B384E1E5702F}.Debug|Any CPU.Build.0 = Debug|Any CPU
		{67EC55C7-F5EF-4722-B0E6-B384E1E5702F}.Release|Any CPU.ActiveCfg = Release|Any CPU
		{67EC55C7-F5EF-4722-B0E6-B384E1E5702F}.Release|Any CPU.Build.0 = Release|Any CPU
		{E7C532A8-D12C-46F8-AD6C-DDF5A21D82B8}.Debug|Any CPU.ActiveCfg = Debug|Any CPU
		{E7C532A8-D12C-46F8-AD6C-DDF5A21D82B8}.Debug|Any CPU.Build.0 = Debug|Any CPU
		{E7C532A8-D12C-46F8-AD6C-DDF5A21D82B8}.Release|Any CPU.ActiveCfg = Release|Any CPU
		{E7C532A8-D12C-46F8-AD6C-DDF5A21D82B8}.Release|Any CPU.Build.0 = Release|Any CPU
	EndGlobalSection
	GlobalSection(SolutionProperties) = preSolution
		HideSolutionNode = FALSE
	EndGlobalSection
EndGlobal
